// !$*UTF8*$!
{
	archiveVersion = 1;
	classes = {
	};
	objectVersion = 51;
	objects = {

/* Begin PBXBuildFile section */
		691E93C222BA4FE900D9832F /* AppDelegate.swift in Sources */ = {isa = PBXBuildFile; fileRef = 691E93C122BA4FE900D9832F /* AppDelegate.swift */; };
		691E93C422BA4FE900D9832F /* WeatherViewController.swift in Sources */ = {isa = PBXBuildFile; fileRef = 691E93C322BA4FE900D9832F /* WeatherViewController.swift */; };
		691E93C722BA4FE900D9832F /* Main.storyboard in Resources */ = {isa = PBXBuildFile; fileRef = 691E93C522BA4FE900D9832F /* Main.storyboard */; };
		691E93C922BA4FEC00D9832F /* Assets.xcassets in Resources */ = {isa = PBXBuildFile; fileRef = 691E93C822BA4FEC00D9832F /* Assets.xcassets */; };
		691E93CC22BA4FEC00D9832F /* LaunchScreen.storyboard in Resources */ = {isa = PBXBuildFile; fileRef = 691E93CA22BA4FEC00D9832F /* LaunchScreen.storyboard */; };
		691E93D822BA515100D9832F /* WeatherDataModel.swift in Sources */ = {isa = PBXBuildFile; fileRef = 691E93D722BA515100D9832F /* WeatherDataModel.swift */; };
		691E93DE22BA51B600D9832F /* ChangeCityViewController.swift in Sources */ = {isa = PBXBuildFile; fileRef = 691E93DD22BA51B600D9832F /* ChangeCityViewController.swift */; };
		691E93E022BA617600D9832F /* UIColorExtension.swift in Sources */ = {isa = PBXBuildFile; fileRef = 691E93DF22BA617600D9832F /* UIColorExtension.swift */; };
		DB54AEEED27416488A0F339E /* Pods_BasicWeatherApp.framework in Frameworks */ = {isa = PBXBuildFile; fileRef = 1C0F5AE6BC0BBF0E46F13D7E /* Pods_BasicWeatherApp.framework */; };
/* End PBXBuildFile section */

/* Begin PBXFileReference section */
		10F4697BBE0D0FAD4F88F8D0 /* Pods-BasicWeatherApp.release.xcconfig */ = {isa = PBXFileReference; includeInIndex = 1; lastKnownFileType = text.xcconfig; name = "Pods-BasicWeatherApp.release.xcconfig"; path = "Target Support Files/Pods-BasicWeatherApp/Pods-BasicWeatherApp.release.xcconfig"; sourceTree = "<group>"; };
		1C0F5AE6BC0BBF0E46F13D7E /* Pods_BasicWeatherApp.framework */ = {isa = PBXFileReference; explicitFileType = wrapper.framework; includeInIndex = 0; path = Pods_BasicWeatherApp.framework; sourceTree = BUILT_PRODUCTS_DIR; };
		4726DC2EE88CDE38FFF1CF44 /* Pods-BasicWeatherApp.debug.xcconfig */ = {isa = PBXFileReference; includeInIndex = 1; lastKnownFileType = text.xcconfig; name = "Pods-BasicWeatherApp.debug.xcconfig"; path = "Target Support Files/Pods-BasicWeatherApp/Pods-BasicWeatherApp.debug.xcconfig"; sourceTree = "<group>"; };
		691E93BE22BA4FE900D9832F /* BasicWeatherApp.app */ = {isa = PBXFileReference; explicitFileType = wrapper.application; includeInIndex = 0; path = BasicWeatherApp.app; sourceTree = BUILT_PRODUCTS_DIR; };
		691E93C122BA4FE900D9832F /* AppDelegate.swift */ = {isa = PBXFileReference; lastKnownFileType = sourcecode.swift; path = AppDelegate.swift; sourceTree = "<group>"; };
		691E93C322BA4FE900D9832F /* WeatherViewController.swift */ = {isa = PBXFileReference; lastKnownFileType = sourcecode.swift; path = WeatherViewController.swift; sourceTree = "<group>"; };
		691E93C622BA4FE900D9832F /* Base */ = {isa = PBXFileReference; lastKnownFileType = file.storyboard; name = Base; path = Base.lproj/Main.storyboard; sourceTree = "<group>"; };
		691E93C822BA4FEC00D9832F /* Assets.xcassets */ = {isa = PBXFileReference; lastKnownFileType = folder.assetcatalog; path = Assets.xcassets; sourceTree = "<group>"; };
		691E93CB22BA4FEC00D9832F /* Base */ = {isa = PBXFileReference; lastKnownFileType = file.storyboard; name = Base; path = Base.lproj/LaunchScreen.storyboard; sourceTree = "<group>"; };
		691E93CD22BA4FEC00D9832F /* Info.plist */ = {isa = PBXFileReference; lastKnownFileType = text.plist.xml; path = Info.plist; sourceTree = "<group>"; };
		691E93D722BA515100D9832F /* WeatherDataModel.swift */ = {isa = PBXFileReference; lastKnownFileType = sourcecode.swift; path = WeatherDataModel.swift; sourceTree = "<group>"; };
		691E93DD22BA51B600D9832F /* ChangeCityViewController.swift */ = {isa = PBXFileReference; lastKnownFileType = sourcecode.swift; path = ChangeCityViewController.swift; sourceTree = "<group>"; };
		691E93DF22BA617600D9832F /* UIColorExtension.swift */ = {isa = PBXFileReference; lastKnownFileType = sourcecode.swift; path = UIColorExtension.swift; sourceTree = "<group>"; };
/* End PBXFileReference section */

/* Begin PBXFrameworksBuildPhase section */
		691E93BB22BA4FE900D9832F /* Frameworks */ = {
			isa = PBXFrameworksBuildPhase;
			buildActionMask = 2147483647;
			files = (
				DB54AEEED27416488A0F339E /* Pods_BasicWeatherApp.framework in Frameworks */,
			);
			runOnlyForDeploymentPostprocessing = 0;
		};
/* End PBXFrameworksBuildPhase section */

/* Begin PBXGroup section */
		16637E06F11BA697DDDA6BBE /* Frameworks */ = {
			isa = PBXGroup;
			children = (
				1C0F5AE6BC0BBF0E46F13D7E /* Pods_BasicWeatherApp.framework */,
			);
			name = Frameworks;
			sourceTree = "<group>";
		};
		691E93B522BA4FE900D9832F = {
			isa = PBXGroup;
			children = (
				691E93C022BA4FE900D9832F /* BasicWeatherApp */,
				691E93BF22BA4FE900D9832F /* Products */,
				C05F63C63EBDF95AA8BF4B50 /* Pods */,
				16637E06F11BA697DDDA6BBE /* Frameworks */,
			);
			sourceTree = "<group>";
		};
		691E93BF22BA4FE900D9832F /* Products */ = {
			isa = PBXGroup;
			children = (
				691E93BE22BA4FE900D9832F /* BasicWeatherApp.app */,
			);
			name = Products;
			sourceTree = "<group>";
		};
		691E93C022BA4FE900D9832F /* BasicWeatherApp */ = {
			isa = PBXGroup;
			children = (
				691E93D522BA50A800D9832F /* Model */,
				691E93D422BA50A400D9832F /* View */,
				691E93D322BA509F00D9832F /* Controller */,
				691E93D622BA50B500D9832F /* Resources */,
				691E93C122BA4FE900D9832F /* AppDelegate.swift */,
				691E93CA22BA4FEC00D9832F /* LaunchScreen.storyboard */,
				691E93CD22BA4FEC00D9832F /* Info.plist */,
			);
			path = BasicWeatherApp;
			sourceTree = "<group>";
		};
		691E93D322BA509F00D9832F /* Controller */ = {
			isa = PBXGroup;
			children = (
				691E93C322BA4FE900D9832F /* WeatherViewController.swift */,
				691E93DD22BA51B600D9832F /* ChangeCityViewController.swift */,
			);
			path = Controller;
			sourceTree = "<group>";
		};
		691E93D422BA50A400D9832F /* View */ = {
			isa = PBXGroup;
			children = (
				691E93C522BA4FE900D9832F /* Main.storyboard */,
			);
			path = View;
			sourceTree = "<group>";
		};
		691E93D522BA50A800D9832F /* Model */ = {
			isa = PBXGroup;
			children = (
				691E93D722BA515100D9832F /* WeatherDataModel.swift */,
			);
			name = Model;
			sourceTree = "<group>";
		};
		691E93D622BA50B500D9832F /* Resources */ = {
			isa = PBXGroup;
			children = (
				691E93C822BA4FEC00D9832F /* Assets.xcassets */,
				691E93DF22BA617600D9832F /* UIColorExtension.swift */,
			);
			path = Resources;
			sourceTree = "<group>";
		};
		C05F63C63EBDF95AA8BF4B50 /* Pods */ = {
			isa = PBXGroup;
			children = (
				4726DC2EE88CDE38FFF1CF44 /* Pods-BasicWeatherApp.debug.xcconfig */,
				10F4697BBE0D0FAD4F88F8D0 /* Pods-BasicWeatherApp.release.xcconfig */,
			);
			path = Pods;
			sourceTree = "<group>";
		};
/* End PBXGroup section */

/* Begin PBXNativeTarget section */
		691E93BD22BA4FE900D9832F /* BasicWeatherApp */ = {
			isa = PBXNativeTarget;
			buildConfigurationList = 691E93D022BA4FEC00D9832F /* Build configuration list for PBXNativeTarget "BasicWeatherApp" */;
			buildPhases = (
				C01B114D351EABBF1D3487AC /* [CP] Check Pods Manifest.lock */,
				691E93BA22BA4FE900D9832F /* Sources */,
				691E93BB22BA4FE900D9832F /* Frameworks */,
				691E93BC22BA4FE900D9832F /* Resources */,
				4D6B246E988B2F3408084F28 /* [CP] Embed Pods Frameworks */,
			);
			buildRules = (
			);
			dependencies = (
			);
			name = BasicWeatherApp;
			productName = BasicWeatherApp;
			productReference = 691E93BE22BA4FE900D9832F /* BasicWeatherApp.app */;
			productType = "com.apple.product-type.application";
		};
/* End PBXNativeTarget section */

/* Begin PBXProject section */
		691E93B622BA4FE900D9832F /* Project object */ = {
			isa = PBXProject;
			attributes = {
				LastSwiftUpdateCheck = 1020;
				LastUpgradeCheck = 1020;
				ORGANIZATIONNAME = "Jaroslav Janda";
				TargetAttributes = {
					691E93BD22BA4FE900D9832F = {
						CreatedOnToolsVersion = 10.2.1;
					};
				};
			};
			buildConfigurationList = 691E93B922BA4FE900D9832F /* Build configuration list for PBXProject "BasicWeatherApp" */;
			compatibilityVersion = "Xcode 9.3";
			developmentRegion = en;
			hasScannedForEncodings = 0;
			knownRegions = (
				en,
				Base,
			);
			mainGroup = 691E93B522BA4FE900D9832F;
			productRefGroup = 691E93BF22BA4FE900D9832F /* Products */;
			projectDirPath = "";
			projectRoot = "";
			targets = (
				691E93BD22BA4FE900D9832F /* BasicWeatherApp */,
			);
		};
/* End PBXProject section */

/* Begin PBXResourcesBuildPhase section */
		691E93BC22BA4FE900D9832F /* Resources */ = {
			isa = PBXResourcesBuildPhase;
			buildActionMask = 2147483647;
			files = (
				691E93CC22BA4FEC00D9832F /* LaunchScreen.storyboard in Resources */,
				691E93C922BA4FEC00D9832F /* Assets.xcassets in Resources */,
				691E93C722BA4FE900D9832F /* Main.storyboard in Resources */,
			);
			runOnlyForDeploymentPostprocessing = 0;
		};
/* End PBXResourcesBuildPhase section */

/* Begin PBXShellScriptBuildPhase section */
		4D6B246E988B2F3408084F28 /* [CP] Embed Pods Frameworks */ = {
			isa = PBXShellScriptBuildPhase;
			buildActionMask = 2147483647;
			files = (
			);
			inputFileListPaths = (
				"${PODS_ROOT}/Target Support Files/Pods-BasicWeatherApp/Pods-BasicWeatherApp-frameworks-${CONFIGURATION}-input-files.xcfilelist",
			);
			name = "[CP] Embed Pods Frameworks";
			outputFileListPaths = (
				"${PODS_ROOT}/Target Support Files/Pods-BasicWeatherApp/Pods-BasicWeatherApp-frameworks-${CONFIGURATION}-output-files.xcfilelist",
			);
			runOnlyForDeploymentPostprocessing = 0;
			shellPath = /bin/sh;
			shellScript = "\"${PODS_ROOT}/Target Support Files/Pods-BasicWeatherApp/Pods-BasicWeatherApp-frameworks.sh\"\n";
			showEnvVarsInLog = 0;
		};
		C01B114D351EABBF1D3487AC /* [CP] Check Pods Manifest.lock */ = {
			isa = PBXShellScriptBuildPhase;
			buildActionMask = 2147483647;
			files = (
			);
			inputFileListPaths = (
			);
			inputPaths = (
				"${PODS_PODFILE_DIR_PATH}/Podfile.lock",
				"${PODS_ROOT}/Manifest.lock",
			);
			name = "[CP] Check Pods Manifest.lock";
			outputFileListPaths = (
			);
			outputPaths = (
				"$(DERIVED_FILE_DIR)/Pods-BasicWeatherApp-checkManifestLockResult.txt",
			);
			runOnlyForDeploymentPostprocessing = 0;
			shellPath = /bin/sh;
			shellScript = "diff \"${PODS_PODFILE_DIR_PATH}/Podfile.lock\" \"${PODS_ROOT}/Manifest.lock\" > /dev/null\nif [ $? != 0 ] ; then\n    # print error to STDERR\n    echo \"error: The sandbox is not in sync with the Podfile.lock. Run 'pod install' or update your CocoaPods installation.\" >&2\n    exit 1\nfi\n# This output is used by Xcode 'outputs' to avoid re-running this script phase.\necho \"SUCCESS\" > \"${SCRIPT_OUTPUT_FILE_0}\"\n";
			showEnvVarsInLog = 0;
		};
/* End PBXShellScriptBuildPhase section */

/* Begin PBXSourcesBuildPhase section */
		691E93BA22BA4FE900D9832F /* Sources */ = {
			isa = PBXSourcesBuildPhase;
			buildActionMask = 2147483647;
			files = (
				691E93C422BA4FE900D9832F /* WeatherViewController.swift in Sources */,
				691E93C222BA4FE900D9832F /* AppDelegate.swift in Sources */,
				691E93E022BA617600D9832F /* UIColorExtension.swift in Sources */,
				691E93D822BA515100D9832F /* WeatherDataModel.swift in Sources */,
				691E93DE22BA51B600D9832F /* ChangeCityViewController.swift in Sources */,
			);
			runOnlyForDeploymentPostprocessing = 0;
		};
/* End PBXSourcesBuildPhase section */

/* Begin PBXVariantGroup section */
		691E93C522BA4FE900D9832F /* Main.storyboard */ = {
			isa = PBXVariantGroup;
			children = (
				691E93C622BA4FE900D9832F /* Base */,
			);
			name = Main.storyboard;
			sourceTree = "<group>";
		};
		691E93CA22BA4FEC00D9832F /* LaunchScreen.storyboard */ = {
			isa = PBXVariantGroup;
			children = (
				691E93CB22BA4FEC00D9832F /* Base */,
			);
			name = LaunchScreen.storyboard;
			sourceTree = "<group>";
		};
/* End PBXVariantGroup section */

/* Begin XCBuildConfiguration section */
		691E93CE22BA4FEC00D9832F /* Debug */ = {
			isa = XCBuildConfiguration;
			buildSettings = {
				ALWAYS_SEARCH_USER_PATHS = NO;
				CLANG_ANALYZER_NONNULL = YES;
				CLANG_ANALYZER_NUMBER_OBJECT_CONVERSION = YES_AGGRESSIVE;
				CLANG_CXX_LANGUAGE_STANDARD = "gnu++14";
				CLANG_CXX_LIBRARY = "libc++";
				CLANG_ENABLE_MODULES = YES;
				CLANG_ENABLE_OBJC_ARC = YES;
				CLANG_ENABLE_OBJC_WEAK = YES;
				CLANG_WARN_BLOCK_CAPTURE_AUTORELEASING = YES;
				CLANG_WARN_BOOL_CONVERSION = YES;
				CLANG_WARN_COMMA = YES;
				CLANG_WARN_CONSTANT_CONVERSION = YES;
				CLANG_WARN_DEPRECATED_OBJC_IMPLEMENTATIONS = YES;
				CLANG_WARN_DIRECT_OBJC_ISA_USAGE = YES_ERROR;
				CLANG_WARN_DOCUMENTATION_COMMENTS = YES;
				CLANG_WARN_EMPTY_BODY = YES;
				CLANG_WARN_ENUM_CONVERSION = YES;
				CLANG_WARN_INFINITE_RECURSION = YES;
				CLANG_WARN_INT_CONVERSION = YES;
				CLANG_WARN_NON_LITERAL_NULL_CONVERSION = YES;
				CLANG_WARN_OBJC_IMPLICIT_RETAIN_SELF = YES;
				CLANG_WARN_OBJC_LITERAL_CONVERSION = YES;
				CLANG_WARN_OBJC_ROOT_CLASS = YES_ERROR;
				CLANG_WARN_RANGE_LOOP_ANALYSIS = YES;
				CLANG_WARN_STRICT_PROTOTYPES = YES;
				CLANG_WARN_SUSPICIOUS_MOVE = YES;
				CLANG_WARN_UNGUARDED_AVAILABILITY = YES_AGGRESSIVE;
				CLANG_WARN_UNREACHABLE_CODE = YES;
				CLANG_WARN__DUPLICATE_METHOD_MATCH = YES;
				CODE_SIGN_IDENTITY = "iPhone Developer";
				COPY_PHASE_STRIP = NO;
				DEBUG_INFORMATION_FORMAT = dwarf;
				ENABLE_STRICT_OBJC_MSGSEND = YES;
				ENABLE_TESTABILITY = YES;
				GCC_C_LANGUAGE_STANDARD = gnu11;
				GCC_DYNAMIC_NO_PIC = NO;
				GCC_NO_COMMON_BLOCKS = YES;
				GCC_OPTIMIZATION_LEVEL = 0;
				GCC_PREPROCESSOR_DEFINITIONS = (
					"DEBUG=1",
					"$(inherited)",
				);
				GCC_WARN_64_TO_32_BIT_CONVERSION = YES;
				GCC_WARN_ABOUT_RETURN_TYPE = YES_ERROR;
				GCC_WARN_UNDECLARED_SELECTOR = YES;
				GCC_WARN_UNINITIALIZED_AUTOS = YES_AGGRESSIVE;
				GCC_WARN_UNUSED_FUNCTION = YES;
				GCC_WARN_UNUSED_VARIABLE = YES;
				IPHONEOS_DEPLOYMENT_TARGET = 12.2;
				MTL_ENABLE_DEBUG_INFO = INCLUDE_SOURCE;
				MTL_FAST_MATH = YES;
				ONLY_ACTIVE_ARCH = YES;
				SDKROOT = iphoneos;
				SWIFT_ACTIVE_COMPILATION_CONDITIONS = DEBUG;
				SWIFT_OPTIMIZATION_LEVEL = "-Onone";
			};
			name = Debug;
		};
		691E93CF22BA4FEC00D9832F /* Release */ = {
			isa = XCBuildConfiguration;
			buildSettings = {
				ALWAYS_SEARCH_USER_PATHS = NO;
				CLANG_ANALYZER_NONNULL = YES;
				CLANG_ANALYZER_NUMBER_OBJECT_CONVERSION = YES_AGGRESSIVE;
				CLANG_CXX_LANGUAGE_STANDARD = "gnu++14";
				CLANG_CXX_LIBRARY = "libc++";
				CLANG_ENABLE_MODULES = YES;
				CLANG_ENABLE_OBJC_ARC = YES;
				CLANG_ENABLE_OBJC_WEAK = YES;
				CLANG_WARN_BLOCK_CAPTURE_AUTORELEASING = YES;
				CLANG_WARN_BOOL_CONVERSION = YES;
				CLANG_WARN_COMMA = YES;
				CLANG_WARN_CONSTANT_CONVERSION = YES;
				CLANG_WARN_DEPRECATED_OBJC_IMPLEMENTATIONS = YES;
				CLANG_WARN_DIRECT_OBJC_ISA_USAGE = YES_ERROR;
				CLANG_WARN_DOCUMENTATION_COMMENTS = YES;
				CLANG_WARN_EMPTY_BODY = YES;
				CLANG_WARN_ENUM_CONVERSION = YES;
				CLANG_WARN_INFINITE_RECURSION = YES;
				CLANG_WARN_INT_CONVERSION = YES;
				CLANG_WARN_NON_LITERAL_NULL_CONVERSION = YES;
				CLANG_WARN_OBJC_IMPLICIT_RETAIN_SELF = YES;
				CLANG_WARN_OBJC_LITERAL_CONVERSION = YES;
				CLANG_WARN_OBJC_ROOT_CLASS = YES_ERROR;
				CLANG_WARN_RANGE_LOOP_ANALYSIS = YES;
				CLANG_WARN_STRICT_PROTOTYPES = YES;
				CLANG_WARN_SUSPICIOUS_MOVE = YES;
				CLANG_WARN_UNGUARDED_AVAILABILITY = YES_AGGRESSIVE;
				CLANG_WARN_UNREACHABLE_CODE = YES;
				CLANG_WARN__DUPLICATE_METHOD_MATCH = YES;
				CODE_SIGN_IDENTITY = "iPhone Developer";
				COPY_PHASE_STRIP = NO;
				DEBUG_INFORMATION_FORMAT = "dwarf-with-dsym";
				ENABLE_NS_ASSERTIONS = NO;
				ENABLE_STRICT_OBJC_MSGSEND = YES;
				GCC_C_LANGUAGE_STANDARD = gnu11;
				GCC_NO_COMMON_BLOCKS = YES;
				GCC_WARN_64_TO_32_BIT_CONVERSION = YES;
				GCC_WARN_ABOUT_RETURN_TYPE = YES_ERROR;
				GCC_WARN_UNDECLARED_SELECTOR = YES;
				GCC_WARN_UNINITIALIZED_AUTOS = YES_AGGRESSIVE;
				GCC_WARN_UNUSED_FUNCTION = YES;
				GCC_WARN_UNUSED_VARIABLE = YES;
				IPHONEOS_DEPLOYMENT_TARGET = 12.2;
				MTL_ENABLE_DEBUG_INFO = NO;
				MTL_FAST_MATH = YES;
				SDKROOT = iphoneos;
				SWIFT_COMPILATION_MODE = wholemodule;
				SWIFT_OPTIMIZATION_LEVEL = "-O";
				VALIDATE_PRODUCT = YES;
			};
			name = Release;
		};
		691E93D122BA4FEC00D9832F /* Debug */ = {
			isa = XCBuildConfiguration;
			baseConfigurationReference = 4726DC2EE88CDE38FFF1CF44 /* Pods-BasicWeatherApp.debug.xcconfig */;
			buildSettings = {
				ASSETCATALOG_COMPILER_APPICON_NAME = AppIcon;
				CODE_SIGN_STYLE = Automatic;
				DEVELOPMENT_TEAM = CN7WEJH8T6;
				INFOPLIST_FILE = BasicWeatherApp/Info.plist;
				LD_RUNPATH_SEARCH_PATHS = (
					"$(inherited)",
					"@executable_path/Frameworks",
				);
				PRODUCT_BUNDLE_IDENTIFIER = com.jaroslavjanda.BasicWeatherApp;
				PRODUCT_NAME = "$(TARGET_NAME)";
				SWIFT_VERSION = 5.0;
				TARGETED_DEVICE_FAMILY = 1;
			};
			name = Debug;
		};
		691E93D222BA4FEC00D9832F /* Release */ = {
			isa = XCBuildConfiguration;
			baseConfigurationReference = 10F4697BBE0D0FAD4F88F8D0 /* Pods-BasicWeatherApp.release.xcconfig */;
			buildSettings = {
				ASSETCATALOG_COMPILER_APPICON_NAME = AppIcon;
				CODE_SIGN_STYLE = Automatic;
				DEVELOPMENT_TEAM = CN7WEJH8T6;
				INFOPLIST_FILE = BasicWeatherApp/Info.plist;
				LD_RUNPATH_SEARCH_PATHS = (
					"$(inherited)",
					"@executable_path/Frameworks",
				);
				PRODUCT_BUNDLE_IDENTIFIER = com.jaroslavjanda.BasicWeatherApp;
				PRODUCT_NAME = "$(TARGET_NAME)";
				SWIFT_VERSION = 5.0;
				TARGETED_DEVICE_FAMILY = 1;
			};
			name = Release;
		};
/* End XCBuildConfiguration section */

/* Begin XCConfigurationList section */
		691E93B922BA4FE900D9832F /* Build configuration list for PBXProject "BasicWeatherApp" */ = {
			isa = XCConfigurationList;
			buildConfigurations = (
				691E93CE22BA4FEC00D9832F /* Debug */,
				691E93CF22BA4FEC00D9832F /* Release */,
			);
			defaultConfigurationIsVisible = 0;
			defaultConfigurationName = Release;
		};
		691E93D022BA4FEC00D9832F /* Build configuration list for PBXNativeTarget "BasicWeatherApp" */ = {
			isa = XCConfigurationList;
			buildConfigurations = (
				691E93D122BA4FEC00D9832F /* Debug */,
				691E93D222BA4FEC00D9832F /* Release */,
			);
			defaultConfigurationIsVisible = 0;
			defaultConfigurationName = Release;
		};
/* End XCConfigurationList section */
	};
	rootObject = 691E93B622BA4FE900D9832F /* Project object */;
}
